{
    "_meta": {
        "hash": {
            "sha256": "bae82f005879197d15002ee3084605c5d70e02154eb49c1bc76d085d4cd6d51b"
        },
        "requires": {},
        "sources": [
            {
                "url": "https://pypi.python.org/simple",
                "verify_ssl": true
            }
        ]
    },
    "default": {
        "django": {
            "version": "==1.11.4"
        },
        "django-filter": {
            "version": "==1.0.4"
        },
        "django-widget-tweaks": {
            "version": "==1.4.1"
        },
        "djangorestframework": {
            "version": "==3.6.3"
        },
        "pytz": {
            "version": "==2017.2"
        }
    },
    "develop": {}
}
